
Microsoft Visual Studio Solution File, Format Version 12.00
# Visual Studio 15
VisualStudioVersion = 15.0.28010.2019
MinimumVisualStudioVersion = 10.0.40219.1
Project("{9A19103F-16F7-4668-BE54-9A1E7A4F7556}") = "thZero.NetCore.Library.Services.CircuitBreaker.Steeltoe", "thZero.NetCore.Library.Services.CircuitBreaker.Steeltoe.csproj", "{30DDE30B-7792-4383-BAEA-7C9A96408061}"
EndProject
Project("{9A19103F-16F7-4668-BE54-9A1E7A4F7556}") = "thZero.NetCore.Library", "..\thZero.NetCore.Library\thZero.NetCore.Library.csproj", "{A48759D9-6139-426B-8A56-9B09D5BD6588}"
EndProject
Project("{9A19103F-16F7-4668-BE54-9A1E7A4F7556}") = "thZero.NetCore.Library.CircuitBreaker.Steeltoe", "..\thZero.NetCore.Library.CircuitBreaker.Steeltoe\thZero.NetCore.Library.CircuitBreaker.Steeltoe.csproj", "{3FEA40EE-60AE-4C18-B70B-DB336BF94F69}"
EndProject
Global
	GlobalSection(SolutionConfigurationPlatforms) = preSolution
		Debug|Any CPU = Debug|Any CPU
		Release|Any CPU = Release|Any CPU
	EndGlobalSection
	GlobalSection(ProjectConfigurationPlatforms) = postSolution
		{30DDE30B-7792-4383-BAEA-7C9A96408061}.Debug|Any CPU.ActiveCfg = Debug|Any CPU
		{30DDE30B-7792-4383-BAEA-7C9A96408061}.Debug|Any CPU.Build.0 = Debug|Any CPU
		{30DDE30B-7792-4383-BAEA-7C9A96408061}.Release|Any CPU.ActiveCfg = Release|Any CPU
		{30DDE30B-7792-4383-BAEA-7C9A96408061}.Release|Any CPU.Build.0 = Release|Any CPU
		{A48759D9-6139-426B-8A56-9B09D5BD6588}.Debug|Any CPU.ActiveCfg = Debug|Any CPU
		{A48759D9-6139-426B-8A56-9B09D5BD6588}.Debug|Any CPU.Build.0 = Debug|Any CPU
		{A48759D9-6139-426B-8A56-9B09D5BD6588}.Release|Any CPU.ActiveCfg = Release|Any CPU
		{A48759D9-6139-426B-8A56-9B09D5BD6588}.Release|Any CPU.Build.0 = Release|Any CPU
		{3FEA40EE-60AE-4C18-B70B-DB336BF94F69}.Debug|Any CPU.ActiveCfg = Debug|Any CPU
		{3FEA40EE-60AE-4C18-B70B-DB336BF94F69}.Debug|Any CPU.Build.0 = Debug|Any CPU
		{3FEA40EE-60AE-4C18-B70B-DB336BF94F69}.Release|Any CPU.ActiveCfg = Release|Any CPU
		{3FEA40EE-60AE-4C18-B70B-DB336BF94F69}.Release|Any CPU.Build.0 = Release|Any CPU
	EndGlobalSection
	GlobalSection(SolutionProperties) = preSolution
		HideSolutionNode = FALSE
	EndGlobalSection
	GlobalSection(ExtensibilityGlobals) = postSolution
		SolutionGuid = {92E60536-DC88-4EA3-A467-2EBAE9A2252F}
	EndGlobalSection
EndGlobal
